{
  "originHash" : "a2cab42392f1ed3ddd87343fcfae81a09fa31fe1c3b32b3dda214da41dbff3f9",
  "pins" : [
    {
      "identity" : "purchases-ios",
      "kind" : "remoteSourceControl",
      "location" : "https://github.com/RevenueCat/purchases-ios",
      "state" : {
        "revision" : "1548d80a9910dcdf8a2f6db53fcdb647997f17bb",
        "version" : "5.47.0"
      }
    },
    {
      "identity" : "sentry-cocoa",
      "kind" : "remoteSourceControl",
      "location" : "https://github.com/getsentry/sentry-cocoa.git",
      "state" : {
        "revision" : "8627bbc0e663238d516b541d8fc7edd62a627fde",
        "version" : "8.57.3"
      }
    },
    {
      "identity" : "statsig-kit",
      "kind" : "remoteSourceControl",
      "location" : "https://github.com/statsig-io/statsig-kit.git",
      "state" : {
        "revision" : "fec1247f8d2fbd1ee11fcdf0d0f715c5b6c1934e",
        "version" : "1.55.1"
      }
    }
  ],
  "version" : 3
}
